<?xml version="1.0" encoding="utf-8"?>
<Project ToolsVersion="4.0" xmlns="http://schemas.microsoft.com/developer/msbuild/2003">
  <ItemGroup>
    <Filter Include="Source Files">
      <UniqueIdentifier>{4FC737F1-C7A5-4376-A066-2A32D752A2FF}</UniqueIdentifier>
      <Extensions>cpp;c;cc;cxx;def;odl;idl;hpj;bat;asm;asmx</Extensions>
    </Filter>
    <Filter Include="Header Files">
      <UniqueIdentifier>{93995380-89BD-4b04-88EB-625FBE52EBFB}</UniqueIdentifier>
      <Extensions>h;hh;hpp;hxx;hm;inl;inc;xsd</Extensions>
    </Filter>
    <Filter Include="Resource Files">
      <UniqueIdentifier>{67DA6AB6-F800-4c08-8B7A-83BB121AAD01}</UniqueIdentifier>
      <Extensions>rc;ico;cur;bmp;dlg;rc2;rct;bin;rgs;gif;jpg;jpeg;jpe;resx;tiff;tif;png;wav</Extensions>
    </Filter>
    <Filter Include="Header Files\Objects">
      <UniqueIdentifier>{9b821352-66ce-4ff6-b697-466923041935}</UniqueIdentifier>
    </Filter>
    <Filter Include="Header Files\General">
      <UniqueIdentifier>{8720dd5a-2803-4066-9ab3-4222bf6d13d9}</UniqueIdentifier>
    </Filter>
    <Filter Include="Header Files\Helpers">
      <UniqueIdentifier>{e2edf9eb-6866-4dd8-86b5-f4bebc342d17}</UniqueIdentifier>
    </Filter>
    <Filter Include="Source Files\General">
      <UniqueIdentifier>{0952806c-c095-44c6-8cf1-35c4f605b625}</UniqueIdentifier>
    </Filter>
    <Filter Include="Source Files\Helpers">
      <UniqueIdentifier>{6ab6aea4-1c49-49e1-88b2-324a6f43f931}</UniqueIdentifier>
    </Filter>
    <Filter Include="Header Files\Compression">
      <UniqueIdentifier>{f383f320-f9f9-4f20-931a-16789d4f92d4}</UniqueIdentifier>
    </Filter>
    <Filter Include="Source Files\Compression">
      <UniqueIdentifier>{6224dfc0-3ae3-45a1-8b61-31f9ab4c8d2d}</UniqueIdentifier>
    </Filter>
    <Filter Include="Source Files\Compression\LZMA">
      <UniqueIdentifier>{b5938368-fab2-4eba-8f09-bbac30ade814}</UniqueIdentifier>
    </Filter>
    <Filter Include="Source Files\Compression\Tiano">
      <UniqueIdentifier>{2cba128d-8231-4d7f-8d0f-dd385137814e}</UniqueIdentifier>
    </Filter>
    <Filter Include="Source Files\Compression\Brotli">
      <UniqueIdentifier>{756a222d-f669-4b79-b414-de092e782e09}</UniqueIdentifier>
    </Filter>
    <Filter Include="Source Files\Crypto">
      <UniqueIdentifier>{73ae9b1b-5bb9-4f94-99c9-74466dd2886c}</UniqueIdentifier>
    </Filter>
  </ItemGroup>
  <ItemGroup>
    <ClCompile Include="submodules\codesnippets\DebugLib\DebugLib.cpp">
      <Filter>Source Files\General</Filter>
    </ClCompile>
    <ClCompile Include="src\General.cpp">
      <Filter>Source Files\General</Filter>
    </ClCompile>
    <ClCompile Include="src\main.cpp">
      <Filter>Source Files\General</Filter>
    </ClCompile>
    <ClCompile Include="src\PiFinders.cpp">
      <Filter>Source Files</Filter>
    </ClCompile>
    <ClCompile Include="src\PiParsers.cpp">
      <Filter>Source Files</Filter>
    </ClCompile>
    <ClCompile Include="src\PiObject.cpp">
      <Filter>Source Files</Filter>
    </ClCompile>
    <ClCompile Include="src\PiFileUtils.cpp">
      <Filter>Source Files</Filter>
    </ClCompile>
    <ClCompile Include="src\PiSectionUtils.cpp">
      <Filter>Source Files</Filter>
    </ClCompile>
    <ClCompile Include="src\DecompressionModule.cpp">
      <Filter>Source Files\Compression</Filter>
    </ClCompile>
    <ClCompile Include="src\LZMADecompModule.cpp">
      <Filter>Source Files\Compression\LZMA</Filter>
    </ClCompile>
    <ClCompile Include="src\EdkDecompModule.cpp">
      <Filter>Source Files\Compression\Tiano</Filter>
    </ClCompile>
    <ClCompile Include="submodules\Compression\Tiano\EdkDecompress.c">
      <Filter>Source Files\Compression\Tiano</Filter>
    </ClCompile>
    <ClCompile Include="src\Edk2DecompModule.cpp">
      <Filter>Source Files\Compression\Tiano</Filter>
    </ClCompile>
    <ClCompile Include="submodules\Compression\Tiano\Edk2Decompress.c">
      <Filter>Source Files\Compression\Tiano</Filter>
    </ClCompile>
    <ClCompile Include="submodules\Compression\LZMA\Bra86.c">
      <Filter>Source Files\Compression\LZMA</Filter>
    </ClCompile>
    <ClCompile Include="submodules\Compression\LZMA\LzFind.c">
      <Filter>Source Files\Compression\LZMA</Filter>
    </ClCompile>
    <ClCompile Include="submodules\Compression\LZMA\Lzma2Dec.c">
      <Filter>Source Files\Compression\LZMA</Filter>
    </ClCompile>
    <ClCompile Include="submodules\Compression\LZMA\Lzma86Dec.c">
      <Filter>Source Files\Compression\LZMA</Filter>
    </ClCompile>
    <ClCompile Include="submodules\Compression\LZMA\LzmaAlloc.c">
      <Filter>Source Files\Compression\LZMA</Filter>
    </ClCompile>
    <ClCompile Include="submodules\Compression\LZMA\LzmaDec.c">
      <Filter>Source Files\Compression\LZMA</Filter>
    </ClCompile>
    <ClCompile Include="submodules\crc32\Edk2Crc32.c">
      <Filter>Source Files\General</Filter>
    </ClCompile>
    <ClCompile Include="src\GuidDefines.cpp">
      <Filter>Source Files\Helpers</Filter>
    </ClCompile>
    <ClCompile Include="src\GuidAdvanced.cpp">
      <Filter>Source Files\Helpers</Filter>
    </ClCompile>
    <ClCompile Include="src\ProjectGlobalDefines.c">
      <Filter>Source Files\Helpers</Filter>
    </ClCompile>
    <ClCompile Include="src\PiVolumeUtils.cpp">
      <Filter>Source Files</Filter>
    </ClCompile>
    <ClCompile Include="submodules\Compression\Brotli\Brotli_bit_reader.c">
      <Filter>Source Files\Compression\Brotli</Filter>
    </ClCompile>
    <ClCompile Include="submodules\Compression\Brotli\Brotli_decode.c">
      <Filter>Source Files\Compression\Brotli</Filter>
    </ClCompile>
    <ClCompile Include="submodules\Compression\Brotli\Brotli_dictionary.c">
      <Filter>Source Files\Compression\Brotli</Filter>
    </ClCompile>
    <ClCompile Include="submodules\Compression\Brotli\Brotli_huffman.c">
      <Filter>Source Files\Compression\Brotli</Filter>
    </ClCompile>
    <ClCompile Include="submodules\Compression\Brotli\Brotli_state.c">
      <Filter>Source Files\Compression\Brotli</Filter>
    </ClCompile>
    <ClCompile Include="submodules\Compression\Brotli\BrotliDecompress.c">
      <Filter>Source Files\Compression\Brotli</Filter>
    </ClCompile>
    <ClCompile Include="src\BrotliAdapter.c">
      <Filter>Source Files\Compression\Brotli</Filter>
    </ClCompile>
    <ClCompile Include="src\BrotliDecompModule.cpp">
      <Filter>Source Files\Compression\Brotli</Filter>
    </ClCompile>
    <ClCompile Include="submodules\Crypto\Edk2CryptRsaBasic.c">
      <Filter>Source Files\Crypto</Filter>
    </ClCompile>
    <ClCompile Include="submodules\Crypto\Edk2CryptSha256.c">
      <Filter>Source Files\Crypto</Filter>
    </ClCompile>
    <ClCompile Include="Src\JsonConverters.cpp">
      <Filter>Source Files\Helpers</Filter>
    </ClCompile>
  </ItemGroup>
  <ItemGroup>
    <ClInclude Include="include\PiFileObject.hpp">
      <Filter>Header Files\Objects</Filter>
    </ClInclude>
    <ClInclude Include="include\PiSectionObject.hpp">
      <Filter>Header Files\Objects</Filter>
    </ClInclude>
    <ClInclude Include="include\PiVolumeObject.hpp">
      <Filter>Header Files\Objects</Filter>
    </ClInclude>
    <ClInclude Include="include\PiViews.hpp">
      <Filter>Header Files\Helpers</Filter>
    </ClInclude>
    <ClInclude Include="include\SignatureCasts.hpp">
      <Filter>Header Files\Helpers</Filter>
    </ClInclude>
    <ClInclude Include="include\ProjectTypes.hpp">
      <Filter>Header Files\General</Filter>
    </ClInclude>
    <ClInclude Include="include\General.hpp">
      <Filter>Header Files\General</Filter>
    </ClInclude>
    <ClInclude Include="include\ExitCodes.hpp">
      <Filter>Header Files\General</Filter>
    </ClInclude>
    <ClInclude Include="include\debug.hpp">
      <Filter>Header Files\General</Filter>
    </ClInclude>
    <ClInclude Include="include\main.hpp">
      <Filter>Header Files\General</Filter>
    </ClInclude>
    <ClInclude Include="include\PiFileUtils.hpp">
      <Filter>Header Files\Helpers</Filter>
    </ClInclude>
    <ClInclude Include="include\PiSectionUtils.hpp">
      <Filter>Header Files\Helpers</Filter>
    </ClInclude>
    <ClInclude Include="include\CompressionModule.hpp">
      <Filter>Header Files\Compression</Filter>
    </ClInclude>
    <ClInclude Include="include\DecompressionModule.hpp">
      <Filter>Header Files\Compression</Filter>
    </ClInclude>
    <ClInclude Include="include\ProjectExtendedTypes.hpp">
      <Filter>Header Files\General</Filter>
    </ClInclude>
    <ClInclude Include="include\PiParsers.hpp">
      <Filter>Header Files</Filter>
    </ClInclude>
    <ClInclude Include="include\PiFinders.hpp">
      <Filter>Header Files</Filter>
    </ClInclude>
    <ClInclude Include="include\GuidDefines.h">
      <Filter>Header Files\Helpers</Filter>
    </ClInclude>
    <ClInclude Include="include\GuidAdvanced.hpp">
      <Filter>Header Files\Helpers</Filter>
    </ClInclude>
    <ClInclude Include="include\PiVolumeUtils.hpp">
      <Filter>Header Files\Helpers</Filter>
    </ClInclude>
    <ClInclude Include="include\BrotliAdapter.h">
      <Filter>Header Files\Compression</Filter>
    </ClInclude>
    <ClInclude Include="include\Rsa2048Sha256Adapter.h">
      <Filter>Header Files\Helpers</Filter>
    </ClInclude>
    <ClInclude Include="include\StructureView.hpp">
      <Filter>Header Files\Helpers</Filter>
    </ClInclude>
    <ClInclude Include="include\MemoryView.hpp">
      <Filter>Header Files\Helpers</Filter>
    </ClInclude>
    <ClInclude Include="include\JsonConverters.hpp">
      <Filter>Header Files\Helpers</Filter>
    </ClInclude>
    <ClInclude Include="include\ProjectGlobalDefines.h">
      <Filter>Header Files\General</Filter>
    </ClInclude>
    <ClInclude Include="include\UefiHeaders.h">
      <Filter>Header Files\General</Filter>
    </ClInclude>
    <ClInclude Include="include\PiObject.hpp">
      <Filter>Header Files\Objects</Filter>
    </ClInclude>
    <ClInclude Include="include\PiObjectRepresentation.hpp">
      <Filter>Header Files\General</Filter>
    </ClInclude>
    <ClInclude Include="include\PiSimpleObjects.hpp">
      <Filter>Header Files\Objects</Filter>
    </ClInclude>
    <ClInclude Include="include\PiComplexObject.hpp">
      <Filter>Header Files\Objects</Filter>
    </ClInclude>
  </ItemGroup>
</Project>